
Microsoft Visual Studio Solution File, Format Version 12.00
# Visual Studio Version 17
VisualStudioVersion = 17.14.36127.28
MinimumVisualStudioVersion = 10.0.40219.1
Project("{FAE04EC0-301F-11D3-BF4B-00C04F79EFBC}") = "Appointments.API", "Appointments.API\Appointments.API.csproj", "{8F498B54-6F54-433B-A0A1-9F45A86EAB82}"
EndProject
Project("{FAE04EC0-301F-11D3-BF4B-00C04F79EFBC}") = "Appointments.Domain", "Appointments.Domain\Appointments.Domain.csproj", "{D63BC6CC-33A3-4DF6-A871-B92BA006199F}"
EndProject
Project("{FAE04EC0-301F-11D3-BF4B-00C04F79EFBC}") = "Appointments.Application", "Appointments.Application\Appointments.Application.csproj", "{7A8A708C-B5D7-45FA-B18C-0EC8E1630F9D}"
EndProject
Project("{FAE04EC0-301F-11D3-BF4B-00C04F79EFBC}") = "Appointments.Infrastructure", "Appointments.Infrastructure\Appointments.Infrastructure.csproj", "{7595D23F-DCBE-4F3F-96DD-8A8C6930EA27}"
EndProject
Project("{2150E333-8FDC-42A3-9474-1A3956D46DE8}") = "Solution Items", "Solution Items", "{02EA681E-C7D8-13C7-8484-4AC65E1B71E8}"
	ProjectSection(SolutionItems) = preProject
		.editorconfig = .editorconfig
	EndProjectSection
EndProject
Project("{FAE04EC0-301F-11D3-BF4B-00C04F79EFBC}") = "Shared.Messages.Contracts", "..\SharedContracts\Shared.Contracts\Shared.Messages.Contracts.csproj", "{60D4F935-5155-2334-EA37-B4D06E7C33E5}"
EndProject
Global
	GlobalSection(SolutionConfigurationPlatforms) = preSolution
		Debug|Any CPU = Debug|Any CPU
		Release|Any CPU = Release|Any CPU
	EndGlobalSection
	GlobalSection(ProjectConfigurationPlatforms) = postSolution
		{8F498B54-6F54-433B-A0A1-9F45A86EAB82}.Debug|Any CPU.ActiveCfg = Debug|Any CPU
		{8F498B54-6F54-433B-A0A1-9F45A86EAB82}.Debug|Any CPU.Build.0 = Debug|Any CPU
		{8F498B54-6F54-433B-A0A1-9F45A86EAB82}.Release|Any CPU.ActiveCfg = Release|Any CPU
		{8F498B54-6F54-433B-A0A1-9F45A86EAB82}.Release|Any CPU.Build.0 = Release|Any CPU
		{D63BC6CC-33A3-4DF6-A871-B92BA006199F}.Debug|Any CPU.ActiveCfg = Debug|Any CPU
		{D63BC6CC-33A3-4DF6-A871-B92BA006199F}.Debug|Any CPU.Build.0 = Debug|Any CPU
		{D63BC6CC-33A3-4DF6-A871-B92BA006199F}.Release|Any CPU.ActiveCfg = Release|Any CPU
		{D63BC6CC-33A3-4DF6-A871-B92BA006199F}.Release|Any CPU.Build.0 = Release|Any CPU
		{7A8A708C-B5D7-45FA-B18C-0EC8E1630F9D}.Debug|Any CPU.ActiveCfg = Debug|Any CPU
		{7A8A708C-B5D7-45FA-B18C-0EC8E1630F9D}.Debug|Any CPU.Build.0 = Debug|Any CPU
		{7A8A708C-B5D7-45FA-B18C-0EC8E1630F9D}.Release|Any CPU.ActiveCfg = Release|Any CPU
		{7A8A708C-B5D7-45FA-B18C-0EC8E1630F9D}.Release|Any CPU.Build.0 = Release|Any CPU
		{7595D23F-DCBE-4F3F-96DD-8A8C6930EA27}.Debug|Any CPU.ActiveCfg = Debug|Any CPU
		{7595D23F-DCBE-4F3F-96DD-8A8C6930EA27}.Debug|Any CPU.Build.0 = Debug|Any CPU
		{7595D23F-DCBE-4F3F-96DD-8A8C6930EA27}.Release|Any CPU.ActiveCfg = Release|Any CPU
		{7595D23F-DCBE-4F3F-96DD-8A8C6930EA27}.Release|Any CPU.Build.0 = Release|Any CPU
		{60D4F935-5155-2334-EA37-B4D06E7C33E5}.Debug|Any CPU.ActiveCfg = Debug|Any CPU
		{60D4F935-5155-2334-EA37-B4D06E7C33E5}.Debug|Any CPU.Build.0 = Debug|Any CPU
		{60D4F935-5155-2334-EA37-B4D06E7C33E5}.Release|Any CPU.ActiveCfg = Release|Any CPU
		{60D4F935-5155-2334-EA37-B4D06E7C33E5}.Release|Any CPU.Build.0 = Release|Any CPU
	EndGlobalSection
	GlobalSection(SolutionProperties) = preSolution
		HideSolutionNode = FALSE
	EndGlobalSection
	GlobalSection(ExtensibilityGlobals) = postSolution
		SolutionGuid = {7E5B528C-E2EC-4EB3-ABC8-BAF79ADC0B3F}
	EndGlobalSection
EndGlobal
